
Microsoft Visual Studio Solution File, Format Version 11.00
# Visual C++ Express 2010
Project("{8BC9CEB8-8B4A-11D0-8D11-00A0C91BC942}") = "qnt_converter", "qnt_converter\qnt_converter.vcxproj", "{AF666BF4-717C-46EB-A864-C4291956ADED}"
EndProject
Global
	GlobalSection(SolutionConfigurationPlatforms) = preSolution
		Debug|Win32 = Debug|Win32
		Release|Win32 = Release|Win32
	EndGlobalSection
	GlobalSection(ProjectConfigurationPlatforms) = postSolution
		{AF666BF4-717C-46EB-A864-C4291956ADED}.Debug|Win32.ActiveCfg = Debug|Win32
		{AF666BF4-717C-46EB-A864-C4291956ADED}.Debug|Win32.Build.0 = Debug|Win32
		{AF666BF4-717C-46EB-A864-C4291956ADED}.Release|Win32.ActiveCfg = Release|Win32
		{AF666BF4-717C-46EB-A864-C4291956ADED}.Release|Win32.Build.0 = Release|Win32
	EndGlobalSection
	GlobalSection(SolutionProperties) = preSolution
		HideSolutionNode = FALSE
	EndGlobalSection
EndGlobal
